<Solution>
  <Configurations>
    <Platform Name="Any CPU" />
    <Platform Name="x64" />
    <Platform Name="x86" />
  </Configurations>
  <Folder Name="/samples/">
    <Project Path="samples/DistributedGraphSample/DistributedGraphSample.csproj" />
  </Folder>
  <Project Path="MemoizR.Analyzers.Tests/MemoizR.Analyzers.Tests.csproj" />
  <Project Path="MemoizR.Analyzers/MemoizR.Analyzers.csproj" />
  <Project Path="MemoizR.Reactive/MemoizR.Reactive.csproj" />
  <Project Path="MemoizR.StructuredAsyncLock/MemoizR.StructuredAsyncLock.csproj" />
  <Project Path="MemoizR.StructuredConcurrency/MemoizR.StructuredConcurrency.csproj" />
  <Project Path="MemoizR.Tests/MemoizR.Tests.csproj" />
  <Project Path="MemoizR.Wpf.Tests/MemoizR.Wpf.Tests.csproj" />
  <Project Path="MemoizR.Wpf/MemoizR.Wpf.csproj" />
  <Project Path="MemoizR/MemoizR.csproj" />
</Solution>
