
Microsoft Visual Studio Solution File, Format Version 12.00
# Visual Studio Version 17
VisualStudioVersion = 17.0.31903.59
MinimumVisualStudioVersion = 10.0.40219.1
Project("{FAE04EC0-301F-11D3-BF4B-00C04F79EFBC}") = "MemoizR.Tests", "MemoizR.Tests\MemoizR.Tests.csproj", "{7F3936CD-B956-4644-A3F3-64AF0715A2EA}"
EndProject
Project("{FAE04EC0-301F-11D3-BF4B-00C04F79EFBC}") = "MemoizR", "MemoizR\MemoizR.csproj", "{61FC9C4D-083C-4DCD-B6DE-B1B501E62A9C}"
EndProject
Project("{FAE04EC0-301F-11D3-BF4B-00C04F79EFBC}") = "MemoizR.Reactive", "MemoizR.Reactive\MemoizR.Reactive.csproj", "{7DBE3CFC-F952-42DF-86AF-4F3E18E98E77}"
EndProject
Project("{FAE04EC0-301F-11D3-BF4B-00C04F79EFBC}") = "MemoizR.StructuredConcurrency", "MemoizR.StructuredConcurrency\MemoizR.StructuredConcurrency.csproj", "{565C60BC-380D-4E30-B621-A31C5E229A7F}"
EndProject
Project("{FAE04EC0-301F-11D3-BF4B-00C04F79EFBC}") = "MemoizR.StructuredAsyncLock", "MemoizR.StructuredAsyncLock\MemoizR.StructuredAsyncLock.csproj", "{412EE767-E418-4103-B4B1-4D61A2D91D13}"
EndProject
Project("{FAE04EC0-301F-11D3-BF4B-00C04F79EFBC}") = "MemoizR.Wpf", "MemoizR.Wpf\MemoizR.Wpf.csproj", "{AE174F13-0BDD-4721-ADCB-15669AD86412}"
EndProject
Project("{FAE04EC0-301F-11D3-BF4B-00C04F79EFBC}") = "MemoizR.Wpf.Tests", "MemoizR.Wpf.Tests\MemoizR.Wpf.Tests.csproj", "{B0F71417-2E5E-4D87-9D3C-2C5BFE4A7C9E}"
EndProject
Project("{FAE04EC0-301F-11D3-BF4B-00C04F79EFBC}") = "MemoizR.Analyzers", "MemoizR.Analyzers\MemoizR.Analyzers.csproj", "{4A307914-A9E7-4CBB-84CA-B49FDB9D93DC}"
EndProject
Project("{FAE04EC0-301F-11D3-BF4B-00C04F79EFBC}") = "MemoizR.Analyzers.Tests", "MemoizR.Analyzers.Tests\MemoizR.Analyzers.Tests.csproj", "{DE926B2E-A42D-4D65-95D1-E7D045CA681E}"
EndProject
Global
	GlobalSection(SolutionConfigurationPlatforms) = preSolution
		Debug|Any CPU = Debug|Any CPU
		Debug|x64 = Debug|x64
		Debug|x86 = Debug|x86
		Release|Any CPU = Release|Any CPU
		Release|x64 = Release|x64
		Release|x86 = Release|x86
	EndGlobalSection
	GlobalSection(ProjectConfigurationPlatforms) = postSolution
		{7F3936CD-B956-4644-A3F3-64AF0715A2EA}.Debug|Any CPU.ActiveCfg = Debug|Any CPU
		{7F3936CD-B956-4644-A3F3-64AF0715A2EA}.Debug|Any CPU.Build.0 = Debug|Any CPU
		{7F3936CD-B956-4644-A3F3-64AF0715A2EA}.Debug|x64.ActiveCfg = Debug|Any CPU
		{7F3936CD-B956-4644-A3F3-64AF0715A2EA}.Debug|x64.Build.0 = Debug|Any CPU
		{7F3936CD-B956-4644-A3F3-64AF0715A2EA}.Debug|x86.ActiveCfg = Debug|Any CPU
		{7F3936CD-B956-4644-A3F3-64AF0715A2EA}.Debug|x86.Build.0 = Debug|Any CPU
		{7F3936CD-B956-4644-A3F3-64AF0715A2EA}.Release|Any CPU.ActiveCfg = Release|Any CPU
		{7F3936CD-B956-4644-A3F3-64AF0715A2EA}.Release|Any CPU.Build.0 = Release|Any CPU
		{7F3936CD-B956-4644-A3F3-64AF0715A2EA}.Release|x64.ActiveCfg = Release|Any CPU
		{7F3936CD-B956-4644-A3F3-64AF0715A2EA}.Release|x64.Build.0 = Release|Any CPU
		{7F3936CD-B956-4644-A3F3-64AF0715A2EA}.Release|x86.ActiveCfg = Release|Any CPU
		{7F3936CD-B956-4644-A3F3-64AF0715A2EA}.Release|x86.Build.0 = Release|Any CPU
		{61FC9C4D-083C-4DCD-B6DE-B1B501E62A9C}.Debug|Any CPU.ActiveCfg = Debug|Any CPU
		{61FC9C4D-083C-4DCD-B6DE-B1B501E62A9C}.Debug|Any CPU.Build.0 = Debug|Any CPU
		{61FC9C4D-083C-4DCD-B6DE-B1B501E62A9C}.Debug|x64.ActiveCfg = Debug|Any CPU
		{61FC9C4D-083C-4DCD-B6DE-B1B501E62A9C}.Debug|x64.Build.0 = Debug|Any CPU
		{61FC9C4D-083C-4DCD-B6DE-B1B501E62A9C}.Debug|x86.ActiveCfg = Debug|Any CPU
		{61FC9C4D-083C-4DCD-B6DE-B1B501E62A9C}.Debug|x86.Build.0 = Debug|Any CPU
		{61FC9C4D-083C-4DCD-B6DE-B1B501E62A9C}.Release|Any CPU.ActiveCfg = Release|Any CPU
		{61FC9C4D-083C-4DCD-B6DE-B1B501E62A9C}.Release|Any CPU.Build.0 = Release|Any CPU
		{61FC9C4D-083C-4DCD-B6DE-B1B501E62A9C}.Release|x64.ActiveCfg = Release|Any CPU
		{61FC9C4D-083C-4DCD-B6DE-B1B501E62A9C}.Release|x64.Build.0 = Release|Any CPU
		{61FC9C4D-083C-4DCD-B6DE-B1B501E62A9C}.Release|x86.ActiveCfg = Release|Any CPU
		{61FC9C4D-083C-4DCD-B6DE-B1B501E62A9C}.Release|x86.Build.0 = Release|Any CPU
		{7DBE3CFC-F952-42DF-86AF-4F3E18E98E77}.Debug|Any CPU.ActiveCfg = Debug|Any CPU
		{7DBE3CFC-F952-42DF-86AF-4F3E18E98E77}.Debug|Any CPU.Build.0 = Debug|Any CPU
		{7DBE3CFC-F952-42DF-86AF-4F3E18E98E77}.Debug|x64.ActiveCfg = Debug|Any CPU
		{7DBE3CFC-F952-42DF-86AF-4F3E18E98E77}.Debug|x64.Build.0 = Debug|Any CPU
		{7DBE3CFC-F952-42DF-86AF-4F3E18E98E77}.Debug|x86.ActiveCfg = Debug|Any CPU
		{7DBE3CFC-F952-42DF-86AF-4F3E18E98E77}.Debug|x86.Build.0 = Debug|Any CPU
		{7DBE3CFC-F952-42DF-86AF-4F3E18E98E77}.Release|Any CPU.ActiveCfg = Release|Any CPU
		{7DBE3CFC-F952-42DF-86AF-4F3E18E98E77}.Release|Any CPU.Build.0 = Release|Any CPU
		{7DBE3CFC-F952-42DF-86AF-4F3E18E98E77}.Release|x64.ActiveCfg = Release|Any CPU
		{7DBE3CFC-F952-42DF-86AF-4F3E18E98E77}.Release|x64.Build.0 = Release|Any CPU
		{7DBE3CFC-F952-42DF-86AF-4F3E18E98E77}.Release|x86.ActiveCfg = Release|Any CPU
		{7DBE3CFC-F952-42DF-86AF-4F3E18E98E77}.Release|x86.Build.0 = Release|Any CPU
		{565C60BC-380D-4E30-B621-A31C5E229A7F}.Debug|Any CPU.ActiveCfg = Debug|Any CPU
		{565C60BC-380D-4E30-B621-A31C5E229A7F}.Debug|Any CPU.Build.0 = Debug|Any CPU
		{565C60BC-380D-4E30-B621-A31C5E229A7F}.Debug|x64.ActiveCfg = Debug|Any CPU
		{565C60BC-380D-4E30-B621-A31C5E229A7F}.Debug|x64.Build.0 = Debug|Any CPU
		{565C60BC-380D-4E30-B621-A31C5E229A7F}.Debug|x86.ActiveCfg = Debug|Any CPU
		{565C60BC-380D-4E30-B621-A31C5E229A7F}.Debug|x86.Build.0 = Debug|Any CPU
		{565C60BC-380D-4E30-B621-A31C5E229A7F}.Release|Any CPU.ActiveCfg = Release|Any CPU
		{565C60BC-380D-4E30-B621-A31C5E229A7F}.Release|Any CPU.Build.0 = Release|Any CPU
		{565C60BC-380D-4E30-B621-A31C5E229A7F}.Release|x64.ActiveCfg = Release|Any CPU
		{565C60BC-380D-4E30-B621-A31C5E229A7F}.Release|x64.Build.0 = Release|Any CPU
		{565C60BC-380D-4E30-B621-A31C5E229A7F}.Release|x86.ActiveCfg = Release|Any CPU
		{565C60BC-380D-4E30-B621-A31C5E229A7F}.Release|x86.Build.0 = Release|Any CPU
		{412EE767-E418-4103-B4B1-4D61A2D91D13}.Debug|Any CPU.ActiveCfg = Debug|Any CPU
		{412EE767-E418-4103-B4B1-4D61A2D91D13}.Debug|Any CPU.Build.0 = Debug|Any CPU
		{412EE767-E418-4103-B4B1-4D61A2D91D13}.Debug|x64.ActiveCfg = Debug|Any CPU
		{412EE767-E418-4103-B4B1-4D61A2D91D13}.Debug|x64.Build.0 = Debug|Any CPU
		{412EE767-E418-4103-B4B1-4D61A2D91D13}.Debug|x86.ActiveCfg = Debug|Any CPU
		{412EE767-E418-4103-B4B1-4D61A2D91D13}.Debug|x86.Build.0 = Debug|Any CPU
		{412EE767-E418-4103-B4B1-4D61A2D91D13}.Release|Any CPU.ActiveCfg = Release|Any CPU
		{412EE767-E418-4103-B4B1-4D61A2D91D13}.Release|Any CPU.Build.0 = Release|Any CPU
		{412EE767-E418-4103-B4B1-4D61A2D91D13}.Release|x64.ActiveCfg = Release|Any CPU
		{412EE767-E418-4103-B4B1-4D61A2D91D13}.Release|x64.Build.0 = Release|Any CPU
		{412EE767-E418-4103-B4B1-4D61A2D91D13}.Release|x86.ActiveCfg = Release|Any CPU
		{412EE767-E418-4103-B4B1-4D61A2D91D13}.Release|x86.Build.0 = Release|Any CPU
		{AE174F13-0BDD-4721-ADCB-15669AD86412}.Debug|Any CPU.ActiveCfg = Debug|Any CPU
		{AE174F13-0BDD-4721-ADCB-15669AD86412}.Debug|Any CPU.Build.0 = Debug|Any CPU
		{AE174F13-0BDD-4721-ADCB-15669AD86412}.Debug|x64.ActiveCfg = Debug|Any CPU
		{AE174F13-0BDD-4721-ADCB-15669AD86412}.Debug|x64.Build.0 = Debug|Any CPU
		{AE174F13-0BDD-4721-ADCB-15669AD86412}.Debug|x86.ActiveCfg = Debug|Any CPU
		{AE174F13-0BDD-4721-ADCB-15669AD86412}.Debug|x86.Build.0 = Debug|Any CPU
		{AE174F13-0BDD-4721-ADCB-15669AD86412}.Release|Any CPU.ActiveCfg = Release|Any CPU
		{AE174F13-0BDD-4721-ADCB-15669AD86412}.Release|Any CPU.Build.0 = Release|Any CPU
		{AE174F13-0BDD-4721-ADCB-15669AD86412}.Release|x64.ActiveCfg = Release|Any CPU
		{AE174F13-0BDD-4721-ADCB-15669AD86412}.Release|x64.Build.0 = Release|Any CPU
		{AE174F13-0BDD-4721-ADCB-15669AD86412}.Release|x86.ActiveCfg = Release|Any CPU
		{AE174F13-0BDD-4721-ADCB-15669AD86412}.Release|x86.Build.0 = Release|Any CPU
		{B0F71417-2E5E-4D87-9D3C-2C5BFE4A7C9E}.Debug|Any CPU.ActiveCfg = Debug|Any CPU
		{B0F71417-2E5E-4D87-9D3C-2C5BFE4A7C9E}.Debug|Any CPU.Build.0 = Debug|Any CPU
		{B0F71417-2E5E-4D87-9D3C-2C5BFE4A7C9E}.Debug|x64.ActiveCfg = Debug|Any CPU
		{B0F71417-2E5E-4D87-9D3C-2C5BFE4A7C9E}.Debug|x64.Build.0 = Debug|Any CPU
		{B0F71417-2E5E-4D87-9D3C-2C5BFE4A7C9E}.Debug|x86.ActiveCfg = Debug|Any CPU
		{B0F71417-2E5E-4D87-9D3C-2C5BFE4A7C9E}.Debug|x86.Build.0 = Debug|Any CPU
		{B0F71417-2E5E-4D87-9D3C-2C5BFE4A7C9E}.Release|Any CPU.ActiveCfg = Release|Any CPU
		{B0F71417-2E5E-4D87-9D3C-2C5BFE4A7C9E}.Release|Any CPU.Build.0 = Release|Any CPU
		{B0F71417-2E5E-4D87-9D3C-2C5BFE4A7C9E}.Release|x64.ActiveCfg = Release|Any CPU
		{B0F71417-2E5E-4D87-9D3C-2C5BFE4A7C9E}.Release|x64.Build.0 = Release|Any CPU
		{B0F71417-2E5E-4D87-9D3C-2C5BFE4A7C9E}.Release|x86.ActiveCfg = Release|Any CPU
		{B0F71417-2E5E-4D87-9D3C-2C5BFE4A7C9E}.Release|x86.Build.0 = Release|Any CPU
		{4A307914-A9E7-4CBB-84CA-B49FDB9D93DC}.Debug|Any CPU.ActiveCfg = Debug|Any CPU
		{4A307914-A9E7-4CBB-84CA-B49FDB9D93DC}.Debug|Any CPU.Build.0 = Debug|Any CPU
		{4A307914-A9E7-4CBB-84CA-B49FDB9D93DC}.Debug|x64.ActiveCfg = Debug|Any CPU
		{4A307914-A9E7-4CBB-84CA-B49FDB9D93DC}.Debug|x64.Build.0 = Debug|Any CPU
		{4A307914-A9E7-4CBB-84CA-B49FDB9D93DC}.Debug|x86.ActiveCfg = Debug|Any CPU
		{4A307914-A9E7-4CBB-84CA-B49FDB9D93DC}.Debug|x86.Build.0 = Debug|Any CPU
		{4A307914-A9E7-4CBB-84CA-B49FDB9D93DC}.Release|Any CPU.ActiveCfg = Release|Any CPU
		{4A307914-A9E7-4CBB-84CA-B49FDB9D93DC}.Release|Any CPU.Build.0 = Release|Any CPU
		{4A307914-A9E7-4CBB-84CA-B49FDB9D93DC}.Release|x64.ActiveCfg = Release|Any CPU
		{4A307914-A9E7-4CBB-84CA-B49FDB9D93DC}.Release|x64.Build.0 = Release|Any CPU
		{4A307914-A9E7-4CBB-84CA-B49FDB9D93DC}.Release|x86.ActiveCfg = Release|Any CPU
		{4A307914-A9E7-4CBB-84CA-B49FDB9D93DC}.Release|x86.Build.0 = Release|Any CPU
		{DE926B2E-A42D-4D65-95D1-E7D045CA681E}.Debug|Any CPU.ActiveCfg = Debug|Any CPU
		{DE926B2E-A42D-4D65-95D1-E7D045CA681E}.Debug|Any CPU.Build.0 = Debug|Any CPU
		{DE926B2E-A42D-4D65-95D1-E7D045CA681E}.Debug|x64.ActiveCfg = Debug|Any CPU
		{DE926B2E-A42D-4D65-95D1-E7D045CA681E}.Debug|x64.Build.0 = Debug|Any CPU
		{DE926B2E-A42D-4D65-95D1-E7D045CA681E}.Debug|x86.ActiveCfg = Debug|Any CPU
		{DE926B2E-A42D-4D65-95D1-E7D045CA681E}.Debug|x86.Build.0 = Debug|Any CPU
		{DE926B2E-A42D-4D65-95D1-E7D045CA681E}.Release|Any CPU.ActiveCfg = Release|Any CPU
		{DE926B2E-A42D-4D65-95D1-E7D045CA681E}.Release|Any CPU.Build.0 = Release|Any CPU
		{DE926B2E-A42D-4D65-95D1-E7D045CA681E}.Release|x64.ActiveCfg = Release|Any CPU
		{DE926B2E-A42D-4D65-95D1-E7D045CA681E}.Release|x64.Build.0 = Release|Any CPU
		{DE926B2E-A42D-4D65-95D1-E7D045CA681E}.Release|x86.ActiveCfg = Release|Any CPU
		{DE926B2E-A42D-4D65-95D1-E7D045CA681E}.Release|x86.Build.0 = Release|Any CPU
	EndGlobalSection
	GlobalSection(SolutionProperties) = preSolution
		HideSolutionNode = FALSE
	EndGlobalSection
EndGlobal
